
Microsoft Visual Studio Solution File, Format Version 12.00
# Visual Studio 15
VisualStudioVersion = 15.0.28307.489
MinimumVisualStudioVersion = 10.0.40219.1
Project("{8BC9CEB8-8B4A-11D0-8D11-00A0C91BC942}") = "手游组-何家浩-训练营-链表", "手游组-何家浩-训练营-链表\手游组-何家浩-训练营-链表.vcxproj", "{37591F3A-3578-46C3-BD51-978A519E0640}"
EndProject
Global
	GlobalSection(SolutionConfigurationPlatforms) = preSolution
		Debug|x64 = Debug|x64
		Debug|x86 = Debug|x86
		Release|x64 = Release|x64
		Release|x86 = Release|x86
	EndGlobalSection
	GlobalSection(ProjectConfigurationPlatforms) = postSolution
		{37591F3A-3578-46C3-BD51-978A519E0640}.Debug|x64.ActiveCfg = Debug|x64
		{37591F3A-3578-46C3-BD51-978A519E0640}.Debug|x64.Build.0 = Debug|x64
		{37591F3A-3578-46C3-BD51-978A519E0640}.Debug|x86.ActiveCfg = Debug|Win32
		{37591F3A-3578-46C3-BD51-978A519E0640}.Debug|x86.Build.0 = Debug|Win32
		{37591F3A-3578-46C3-BD51-978A519E0640}.Release|x64.ActiveCfg = Release|x64
		{37591F3A-3578-46C3-BD51-978A519E0640}.Release|x64.Build.0 = Release|x64
		{37591F3A-3578-46C3-BD51-978A519E0640}.Release|x86.ActiveCfg = Release|Win32
		{37591F3A-3578-46C3-BD51-978A519E0640}.Release|x86.Build.0 = Release|Win32
	EndGlobalSection
	GlobalSection(SolutionProperties) = preSolution
		HideSolutionNode = FALSE
	EndGlobalSection
	GlobalSection(ExtensibilityGlobals) = postSolution
		SolutionGuid = {796ECCD5-DB12-4EC5-8A6C-50F6B7FEB406}
	EndGlobalSection
EndGlobal
